<?xml version="1.0" encoding="utf-8"?>
<Project ToolsVersion="4.0" xmlns="http://schemas.microsoft.com/developer/msbuild/2003">
  <ItemGroup>
    <Filter Include="Source Files">
      <UniqueIdentifier>{4FC737F1-C7A5-4376-A066-2A32D752A2FF}</UniqueIdentifier>
      <Extensions>cpp;c;cc;cxx;def;odl;idl;hpj;bat;asm;asmx</Extensions>
    </Filter>
    <Filter Include="Header Files">
      <UniqueIdentifier>{93995380-89BD-4b04-88EB-625FBE52EBFB}</UniqueIdentifier>
      <Extensions>h;hh;hpp;hxx;hm;inl;inc;xsd</Extensions>
    </Filter>
    <Filter Include="Resource Files">
      <UniqueIdentifier>{67DA6AB6-F800-4c08-8B7A-83BB121AAD01}</UniqueIdentifier>
      <Extensions>rc;ico;cur;bmp;dlg;rc2;rct;bin;rgs;gif;jpg;jpeg;jpe;resx;tiff;tif;png;wav;mfcribbon-ms</Extensions>
    </Filter>
  </ItemGroup>
  <ItemGroup>
    <Text Include="ReadMe.txt" />
  </ItemGroup>
  <ItemGroup>
    <ClCompile Include="..\..\compiler\SRC\COMPILER\LIB\ASSORT.C">
      <Filter>Source Files</Filter>
    </ClCompile>
    <ClCompile Include="..\..\compiler\SRC\COMPILER\LIB\BINTOASC.C">
      <Filter>Source Files</Filter>
    </ClCompile>
    <ClCompile Include="..\..\compiler\SRC\COMPILER\LIB\CONCAT.C">
      <Filter>Source Files</Filter>
    </ClCompile>
    <ClCompile Include="..\..\compiler\SRC\COMPILER\LIB\COPYFILE.C">
      <Filter>Source Files</Filter>
    </ClCompile>
    <ClCompile Include="..\..\compiler\SRC\COMPILER\LIB\DEFNEXT.C">
      <Filter>Source Files</Filter>
    </ClCompile>
    <ClCompile Include="..\..\compiler\SRC\COMPILER\LIB\DRIVER.C">
      <Filter>Source Files</Filter>
    </ClCompile>
    <ClCompile Include="..\..\compiler\SRC\COMPILER\LIB\ESC.C">
      <Filter>Source Files</Filter>
    </ClCompile>
    <ClCompile Include="..\..\compiler\SRC\COMPILER\LIB\FERR.C">
      <Filter>Source Files</Filter>
    </ClCompile>
    <ClCompile Include="..\..\compiler\SRC\COMPILER\LIB\FPUTSTR.C">
      <Filter>Source Files</Filter>
    </ClCompile>
    <ClCompile Include="..\..\compiler\SRC\COMPILER\LIB\HASH.C">
      <Filter>Source Files</Filter>
    </ClCompile>
    <ClCompile Include="..\..\compiler\SRC\COMPILER\LIB\HASHADD.C">
      <Filter>Source Files</Filter>
    </ClCompile>
    <ClCompile Include="..\..\compiler\SRC\COMPILER\LIB\HASHPJW.C">
      <Filter>Source Files</Filter>
    </ClCompile>
    <ClCompile Include="..\..\compiler\SRC\COMPILER\LIB\MEAN.C">
      <Filter>Source Files</Filter>
    </ClCompile>
    <ClCompile Include="..\..\compiler\SRC\COMPILER\LIB\MEMISET.C">
      <Filter>Source Files</Filter>
    </ClCompile>
    <ClCompile Include="..\..\compiler\SRC\COMPILER\LIB\MOVEFILE.C">
      <Filter>Source Files</Filter>
    </ClCompile>
    <ClCompile Include="..\..\compiler\SRC\COMPILER\LIB\ONFERR.C">
      <Filter>Source Files</Filter>
    </ClCompile>
    <ClCompile Include="..\..\compiler\SRC\COMPILER\LIB\PAIRS.C">
      <Filter>Source Files</Filter>
    </ClCompile>
    <ClCompile Include="..\..\compiler\SRC\COMPILER\LIB\PCHAR.C">
      <Filter>Source Files</Filter>
    </ClCompile>
    <ClCompile Include="..\..\compiler\SRC\COMPILER\LIB\PRINT_AR.C">
      <Filter>Source Files</Filter>
    </ClCompile>
    <ClCompile Include="..\..\compiler\SRC\COMPILER\LIB\PRINTV.C">
      <Filter>Source Files</Filter>
    </ClCompile>
    <ClCompile Include="..\..\compiler\SRC\COMPILER\LIB\PRNT.C">
      <Filter>Source Files</Filter>
    </ClCompile>
    <ClCompile Include="..\..\compiler\SRC\COMPILER\LIB\SEARCHEN.C">
      <Filter>Source Files</Filter>
    </ClCompile>
    <ClCompile Include="..\..\compiler\SRC\COMPILER\LIB\SET.C">
      <Filter>Source Files</Filter>
    </ClCompile>
    <ClCompile Include="..\..\compiler\SRC\COMPILER\LIB\SSORT.C">
      <Filter>Source Files</Filter>
    </ClCompile>
    <ClCompile Include="..\..\compiler\SRC\COMPILER\LIB\STOL.C">
      <Filter>Source Files</Filter>
    </ClCompile>
  </ItemGroup>
  <ItemGroup>
    <ClInclude Include="..\..\compiler\INCLUDE\TOOLS\COMPILER.H">
      <Filter>Header Files</Filter>
    </ClInclude>
    <ClInclude Include="..\..\compiler\INCLUDE\TOOLS\DEBUG.H">
      <Filter>Header Files</Filter>
    </ClInclude>
  </ItemGroup>
</Project>